// !$*UTF8*$!
{
	archiveVersion = 1;
	classes = {
	};
	objectVersion = 56;
	objects = {

/* Begin PBXBuildFile section */
		022EC7B029D291D2007DFEA5 /* 10799.swift in Sources */ = {isa = PBXBuildFile; fileRef = 022EC7AE29D2792A007DFEA5 /* 10799.swift */; };
		02A6890C29CDAE0D0029DB7B /* main.swift in Sources */ = {isa = PBXBuildFile; fileRef = 02A6890B29CDAE0D0029DB7B /* main.swift */; };
/* End PBXBuildFile section */

/* Begin PBXCopyFilesBuildPhase section */
		02A6890629CDAE0D0029DB7B /* CopyFiles */ = {
			isa = PBXCopyFilesBuildPhase;
			buildActionMask = 2147483647;
			dstPath = /usr/share/man/man1/;
			dstSubfolderSpec = 0;
			files = (
			);
			runOnlyForDeploymentPostprocessing = 1;
		};
/* End PBXCopyFilesBuildPhase section */

/* Begin PBXFileReference section */
		022EC7AE29D2792A007DFEA5 /* 10799.swift */ = {isa = PBXFileReference; lastKnownFileType = sourcecode.swift; path = 10799.swift; sourceTree = "<group>"; };
		02A6890829CDAE0D0029DB7B /* Algorithm */ = {isa = PBXFileReference; explicitFileType = "compiled.mach-o.executable"; includeInIndex = 0; path = Algorithm; sourceTree = BUILT_PRODUCTS_DIR; };
		02A6890B29CDAE0D0029DB7B /* main.swift */ = {isa = PBXFileReference; lastKnownFileType = sourcecode.swift; path = main.swift; sourceTree = "<group>"; };
		02A6891429CDB0050029DB7B /* 1158.swift */ = {isa = PBXFileReference; fileEncoding = 4; lastKnownFileType = sourcecode.swift; path = 1158.swift; sourceTree = "<group>"; };
		02A6891529CDB0050029DB7B /* 10845.swift */ = {isa = PBXFileReference; fileEncoding = 4; lastKnownFileType = sourcecode.swift; path = 10845.swift; sourceTree = "<group>"; };
		02A6891629CDB0050029DB7B /* 1406.swift */ = {isa = PBXFileReference; fileEncoding = 4; lastKnownFileType = sourcecode.swift; path = 1406.swift; sourceTree = "<group>"; };
		02A6891729CDB0050029DB7B /* 9012.swift */ = {isa = PBXFileReference; fileEncoding = 4; lastKnownFileType = sourcecode.swift; path = 9012.swift; sourceTree = "<group>"; };
		02A6891829CDB0050029DB7B /* 9093.swift */ = {isa = PBXFileReference; fileEncoding = 4; lastKnownFileType = sourcecode.swift; path = 9093.swift; sourceTree = "<group>"; };
		02A6891929CDB0050029DB7B /* 10866.swift */ = {isa = PBXFileReference; fileEncoding = 4; lastKnownFileType = sourcecode.swift; path = 10866.swift; sourceTree = "<group>"; };
		02A6891A29CDB0050029DB7B /* 17413.swift */ = {isa = PBXFileReference; fileEncoding = 4; lastKnownFileType = sourcecode.swift; path = 17413.swift; sourceTree = "<group>"; };
		02A6891B29CDB0050029DB7B /* 1874.swift */ = {isa = PBXFileReference; fileEncoding = 4; lastKnownFileType = sourcecode.swift; path = 1874.swift; sourceTree = "<group>"; };
		02A6892929CDB4820029DB7B /* 곱하기 혹은 더하기.swift */ = {isa = PBXFileReference; lastKnownFileType = sourcecode.swift; path = "곱하기 혹은 더하기.swift"; sourceTree = "<group>"; };
		02A6892A29CDB4820029DB7B /* 문자열 뒤집기.swift */ = {isa = PBXFileReference; lastKnownFileType = sourcecode.swift; path = "문자열 뒤집기.swift"; sourceTree = "<group>"; };
		02A6892B29CDB4820029DB7B /* 볼링공 고르기.swift */ = {isa = PBXFileReference; lastKnownFileType = sourcecode.swift; path = "볼링공 고르기.swift"; sourceTree = "<group>"; };
		02A6892C29CDB4820029DB7B /* 1이 될 때까지.swift */ = {isa = PBXFileReference; lastKnownFileType = sourcecode.swift; path = "1이 될 때까지.swift"; sourceTree = "<group>"; };
		02A6892D29CDB4820029DB7B /* 모험가 길드.swift */ = {isa = PBXFileReference; lastKnownFileType = sourcecode.swift; path = "모험가 길드.swift"; sourceTree = "<group>"; };
		02A6892F29CDB4820029DB7B /* 고정점찾기.swift */ = {isa = PBXFileReference; lastKnownFileType = sourcecode.swift; path = "고정점찾기.swift"; sourceTree = "<group>"; };
		02A6893129CDB4820029DB7B /* 안테나.swift */ = {isa = PBXFileReference; lastKnownFileType = sourcecode.swift; path = "안테나.swift"; sourceTree = "<group>"; };
		02A6893329CDB4820029DB7B /* 문자열 재정렬.swift */ = {isa = PBXFileReference; lastKnownFileType = sourcecode.swift; path = "문자열 재정렬.swift"; sourceTree = "<group>"; };
		02A6893429CDB4820029DB7B /* 럭키 스트레이트.swift */ = {isa = PBXFileReference; lastKnownFileType = sourcecode.swift; path = "럭키 스트레이트.swift"; sourceTree = "<group>"; };
/* End PBXFileReference section */

/* Begin PBXFrameworksBuildPhase section */
		02A6890529CDAE0D0029DB7B /* Frameworks */ = {
			isa = PBXFrameworksBuildPhase;
			buildActionMask = 2147483647;
			files = (
			);
			runOnlyForDeploymentPostprocessing = 0;
		};
/* End PBXFrameworksBuildPhase section */

/* Begin PBXGroup section */
		02A688FF29CDAE0D0029DB7B = {
			isa = PBXGroup;
			children = (
				02A6890A29CDAE0D0029DB7B /* Algorithm */,
				02A6890929CDAE0D0029DB7B /* Products */,
			);
			sourceTree = "<group>";
		};
		02A6890929CDAE0D0029DB7B /* Products */ = {
			isa = PBXGroup;
			children = (
				02A6890829CDAE0D0029DB7B /* Algorithm */,
			);
			name = Products;
			sourceTree = "<group>";
		};
		02A6890A29CDAE0D0029DB7B /* Algorithm */ = {
			isa = PBXGroup;
			children = (
				02A6891329CDAE2C0029DB7B /* 이코테 */,
				02A6891229CDAE160029DB7B /* BaekJoon */,
				02A6890B29CDAE0D0029DB7B /* main.swift */,
			);
			path = Algorithm;
			sourceTree = "<group>";
		};
		02A6891229CDAE160029DB7B /* BaekJoon */ = {
			isa = PBXGroup;
			children = (
				02A6892729CDB3E20029DB7B /* 자료구조1 */,
			);
			path = BaekJoon;
			sourceTree = "<group>";
		};
		02A6891329CDAE2C0029DB7B /* 이코테 */ = {
			isa = PBXGroup;
			children = (
				02A6892829CDB4820029DB7B /* 1. 그리디 */,
				02A6893229CDB4820029DB7B /* 2. 구현 */,
				02A6893029CDB4820029DB7B /* 4. 정렬 */,
				02A6892E29CDB4820029DB7B /* 5. 이진 탐색 */,
			);
			name = "이코테";
			path = "이코테";
			sourceTree = "<group>";
		};
		02A6892729CDB3E20029DB7B /* 자료구조1 */ = {
			isa = PBXGroup;
			children = (
				02A6891429CDB0050029DB7B /* 1158.swift */,
				02A6891629CDB0050029DB7B /* 1406.swift */,
				02A6891B29CDB0050029DB7B /* 1874.swift */,
				02A6891729CDB0050029DB7B /* 9012.swift */,
				02A6891829CDB0050029DB7B /* 9093.swift */,
				02A6891529CDB0050029DB7B /* 10845.swift */,
				02A6891929CDB0050029DB7B /* 10866.swift */,
				02A6891A29CDB0050029DB7B /* 17413.swift */,
				022EC7AE29D2792A007DFEA5 /* 10799.swift */,
			);
			name = "자료구조1";
			path = "자료구조1";
			sourceTree = "<group>";
		};
		02A6892829CDB4820029DB7B /* 1. 그리디 */ = {
			isa = PBXGroup;
			children = (
				02A6892929CDB4820029DB7B /* 곱하기 혹은 더하기.swift */,
				02A6892A29CDB4820029DB7B /* 문자열 뒤집기.swift */,
				02A6892B29CDB4820029DB7B /* 볼링공 고르기.swift */,
				02A6892C29CDB4820029DB7B /* 1이 될 때까지.swift */,
				02A6892D29CDB4820029DB7B /* 모험가 길드.swift */,
			);
			path = "1. 그리디";
			sourceTree = "<group>";
		};
		02A6892E29CDB4820029DB7B /* 5. 이진 탐색 */ = {
			isa = PBXGroup;
			children = (
				02A6892F29CDB4820029DB7B /* 고정점찾기.swift */,
			);
			path = "5. 이진 탐색";
			sourceTree = "<group>";
		};
		02A6893029CDB4820029DB7B /* 4. 정렬 */ = {
			isa = PBXGroup;
			children = (
				02A6893129CDB4820029DB7B /* 안테나.swift */,
			);
			path = "4. 정렬";
			sourceTree = "<group>";
		};
		02A6893229CDB4820029DB7B /* 2. 구현 */ = {
			isa = PBXGroup;
			children = (
				02A6893329CDB4820029DB7B /* 문자열 재정렬.swift */,
				02A6893429CDB4820029DB7B /* 럭키 스트레이트.swift */,
			);
			path = "2. 구현";
			sourceTree = "<group>";
		};
/* End PBXGroup section */

/* Begin PBXNativeTarget section */
		02A6890729CDAE0D0029DB7B /* Algorithm */ = {
			isa = PBXNativeTarget;
			buildConfigurationList = 02A6890F29CDAE0D0029DB7B /* Build configuration list for PBXNativeTarget "Algorithm" */;
			buildPhases = (
				02A6890429CDAE0D0029DB7B /* Sources */,
				02A6890529CDAE0D0029DB7B /* Frameworks */,
				02A6890629CDAE0D0029DB7B /* CopyFiles */,
			);
			buildRules = (
			);
			dependencies = (
			);
			name = Algorithm;
			productName = Algorithm;
			productReference = 02A6890829CDAE0D0029DB7B /* Algorithm */;
			productType = "com.apple.product-type.tool";
		};
/* End PBXNativeTarget section */

/* Begin PBXProject section */
		02A6890029CDAE0D0029DB7B /* Project object */ = {
			isa = PBXProject;
			attributes = {
				BuildIndependentTargetsInParallel = 1;
				LastSwiftUpdateCheck = 1420;
				LastUpgradeCheck = 1420;
				TargetAttributes = {
					02A6890729CDAE0D0029DB7B = {
						CreatedOnToolsVersion = 14.2;
					};
				};
			};
			buildConfigurationList = 02A6890329CDAE0D0029DB7B /* Build configuration list for PBXProject "Algorithm" */;
			compatibilityVersion = "Xcode 14.0";
			developmentRegion = en;
			hasScannedForEncodings = 0;
			knownRegions = (
				en,
				Base,
			);
			mainGroup = 02A688FF29CDAE0D0029DB7B;
			productRefGroup = 02A6890929CDAE0D0029DB7B /* Products */;
			projectDirPath = "";
			projectRoot = "";
			targets = (
				02A6890729CDAE0D0029DB7B /* Algorithm */,
			);
		};
/* End PBXProject section */

/* Begin PBXSourcesBuildPhase section */
		02A6890429CDAE0D0029DB7B /* Sources */ = {
			isa = PBXSourcesBuildPhase;
			buildActionMask = 2147483647;
			files = (
				022EC7B029D291D2007DFEA5 /* 10799.swift in Sources */,
				02A6890C29CDAE0D0029DB7B /* main.swift in Sources */,
			);
			runOnlyForDeploymentPostprocessing = 0;
		};
/* End PBXSourcesBuildPhase section */

/* Begin XCBuildConfiguration section */
		02A6890D29CDAE0D0029DB7B /* Debug */ = {
			isa = XCBuildConfiguration;
			buildSettings = {
				ALWAYS_SEARCH_USER_PATHS = NO;
				CLANG_ANALYZER_NONNULL = YES;
				CLANG_ANALYZER_NUMBER_OBJECT_CONVERSION = YES_AGGRESSIVE;
				CLANG_CXX_LANGUAGE_STANDARD = "gnu++20";
				CLANG_ENABLE_MODULES = YES;
				CLANG_ENABLE_OBJC_ARC = YES;
				CLANG_ENABLE_OBJC_WEAK = YES;
				CLANG_WARN_BLOCK_CAPTURE_AUTORELEASING = YES;
				CLANG_WARN_BOOL_CONVERSION = YES;
				CLANG_WARN_COMMA = YES;
				CLANG_WARN_CONSTANT_CONVERSION = YES;
				CLANG_WARN_DEPRECATED_OBJC_IMPLEMENTATIONS = YES;
				CLANG_WARN_DIRECT_OBJC_ISA_USAGE = YES_ERROR;
				CLANG_WARN_DOCUMENTATION_COMMENTS = YES;
				CLANG_WARN_EMPTY_BODY = YES;
				CLANG_WARN_ENUM_CONVERSION = YES;
				CLANG_WARN_INFINITE_RECURSION = YES;
				CLANG_WARN_INT_CONVERSION = YES;
				CLANG_WARN_NON_LITERAL_NULL_CONVERSION = YES;
				CLANG_WARN_OBJC_IMPLICIT_RETAIN_SELF = YES;
				CLANG_WARN_OBJC_LITERAL_CONVERSION = YES;
				CLANG_WARN_OBJC_ROOT_CLASS = YES_ERROR;
				CLANG_WARN_QUOTED_INCLUDE_IN_FRAMEWORK_HEADER = YES;
				CLANG_WARN_RANGE_LOOP_ANALYSIS = YES;
				CLANG_WARN_STRICT_PROTOTYPES = YES;
				CLANG_WARN_SUSPICIOUS_MOVE = YES;
				CLANG_WARN_UNGUARDED_AVAILABILITY = YES_AGGRESSIVE;
				CLANG_WARN_UNREACHABLE_CODE = YES;
				CLANG_WARN__DUPLICATE_METHOD_MATCH = YES;
				COPY_PHASE_STRIP = NO;
				DEBUG_INFORMATION_FORMAT = dwarf;
				ENABLE_STRICT_OBJC_MSGSEND = YES;
				ENABLE_TESTABILITY = YES;
				GCC_C_LANGUAGE_STANDARD = gnu11;
				GCC_DYNAMIC_NO_PIC = NO;
				GCC_NO_COMMON_BLOCKS = YES;
				GCC_OPTIMIZATION_LEVEL = 0;
				GCC_PREPROCESSOR_DEFINITIONS = (
					"DEBUG=1",
					"$(inherited)",
				);
				GCC_WARN_64_TO_32_BIT_CONVERSION = YES;
				GCC_WARN_ABOUT_RETURN_TYPE = YES_ERROR;
				GCC_WARN_UNDECLARED_SELECTOR = YES;
				GCC_WARN_UNINITIALIZED_AUTOS = YES_AGGRESSIVE;
				GCC_WARN_UNUSED_FUNCTION = YES;
				GCC_WARN_UNUSED_VARIABLE = YES;
				MACOSX_DEPLOYMENT_TARGET = 13.0;
				MTL_ENABLE_DEBUG_INFO = INCLUDE_SOURCE;
				MTL_FAST_MATH = YES;
				ONLY_ACTIVE_ARCH = YES;
				SDKROOT = macosx;
				SWIFT_ACTIVE_COMPILATION_CONDITIONS = DEBUG;
				SWIFT_OPTIMIZATION_LEVEL = "-Onone";
			};
			name = Debug;
		};
		02A6890E29CDAE0D0029DB7B /* Release */ = {
			isa = XCBuildConfiguration;
			buildSettings = {
				ALWAYS_SEARCH_USER_PATHS = NO;
				CLANG_ANALYZER_NONNULL = YES;
				CLANG_ANALYZER_NUMBER_OBJECT_CONVERSION = YES_AGGRESSIVE;
				CLANG_CXX_LANGUAGE_STANDARD = "gnu++20";
				CLANG_ENABLE_MODULES = YES;
				CLANG_ENABLE_OBJC_ARC = YES;
				CLANG_ENABLE_OBJC_WEAK = YES;
				CLANG_WARN_BLOCK_CAPTURE_AUTORELEASING = YES;
				CLANG_WARN_BOOL_CONVERSION = YES;
				CLANG_WARN_COMMA = YES;
				CLANG_WARN_CONSTANT_CONVERSION = YES;
				CLANG_WARN_DEPRECATED_OBJC_IMPLEMENTATIONS = YES;
				CLANG_WARN_DIRECT_OBJC_ISA_USAGE = YES_ERROR;
				CLANG_WARN_DOCUMENTATION_COMMENTS = YES;
				CLANG_WARN_EMPTY_BODY = YES;
				CLANG_WARN_ENUM_CONVERSION = YES;
				CLANG_WARN_INFINITE_RECURSION = YES;
				CLANG_WARN_INT_CONVERSION = YES;
				CLANG_WARN_NON_LITERAL_NULL_CONVERSION = YES;
				CLANG_WARN_OBJC_IMPLICIT_RETAIN_SELF = YES;
				CLANG_WARN_OBJC_LITERAL_CONVERSION = YES;
				CLANG_WARN_OBJC_ROOT_CLASS = YES_ERROR;
				CLANG_WARN_QUOTED_INCLUDE_IN_FRAMEWORK_HEADER = YES;
				CLANG_WARN_RANGE_LOOP_ANALYSIS = YES;
				CLANG_WARN_STRICT_PROTOTYPES = YES;
				CLANG_WARN_SUSPICIOUS_MOVE = YES;
				CLANG_WARN_UNGUARDED_AVAILABILITY = YES_AGGRESSIVE;
				CLANG_WARN_UNREACHABLE_CODE = YES;
				CLANG_WARN__DUPLICATE_METHOD_MATCH = YES;
				COPY_PHASE_STRIP = NO;
				DEBUG_INFORMATION_FORMAT = "dwarf-with-dsym";
				ENABLE_NS_ASSERTIONS = NO;
				ENABLE_STRICT_OBJC_MSGSEND = YES;
				GCC_C_LANGUAGE_STANDARD = gnu11;
				GCC_NO_COMMON_BLOCKS = YES;
				GCC_WARN_64_TO_32_BIT_CONVERSION = YES;
				GCC_WARN_ABOUT_RETURN_TYPE = YES_ERROR;
				GCC_WARN_UNDECLARED_SELECTOR = YES;
				GCC_WARN_UNINITIALIZED_AUTOS = YES_AGGRESSIVE;
				GCC_WARN_UNUSED_FUNCTION = YES;
				GCC_WARN_UNUSED_VARIABLE = YES;
				MACOSX_DEPLOYMENT_TARGET = 13.0;
				MTL_ENABLE_DEBUG_INFO = NO;
				MTL_FAST_MATH = YES;
				SDKROOT = macosx;
				SWIFT_COMPILATION_MODE = wholemodule;
				SWIFT_OPTIMIZATION_LEVEL = "-O";
			};
			name = Release;
		};
		02A6891029CDAE0D0029DB7B /* Debug */ = {
			isa = XCBuildConfiguration;
			buildSettings = {
				CODE_SIGN_STYLE = Automatic;
				DEVELOPMENT_TEAM = 2QWMDJG53V;
				ENABLE_HARDENED_RUNTIME = YES;
				PRODUCT_NAME = "$(TARGET_NAME)";
				SWIFT_VERSION = 5.0;
			};
			name = Debug;
		};
		02A6891129CDAE0D0029DB7B /* Release */ = {
			isa = XCBuildConfiguration;
			buildSettings = {
				CODE_SIGN_STYLE = Automatic;
				DEVELOPMENT_TEAM = 2QWMDJG53V;
				ENABLE_HARDENED_RUNTIME = YES;
				PRODUCT_NAME = "$(TARGET_NAME)";
				SWIFT_VERSION = 5.0;
			};
			name = Release;
		};
/* End XCBuildConfiguration section */

/* Begin XCConfigurationList section */
		02A6890329CDAE0D0029DB7B /* Build configuration list for PBXProject "Algorithm" */ = {
			isa = XCConfigurationList;
			buildConfigurations = (
				02A6890D29CDAE0D0029DB7B /* Debug */,
				02A6890E29CDAE0D0029DB7B /* Release */,
			);
			defaultConfigurationIsVisible = 0;
			defaultConfigurationName = Release;
		};
		02A6890F29CDAE0D0029DB7B /* Build configuration list for PBXNativeTarget "Algorithm" */ = {
			isa = XCConfigurationList;
			buildConfigurations = (
				02A6891029CDAE0D0029DB7B /* Debug */,
				02A6891129CDAE0D0029DB7B /* Release */,
			);
			defaultConfigurationIsVisible = 0;
			defaultConfigurationName = Release;
		};
/* End XCConfigurationList section */
	};
	rootObject = 02A6890029CDAE0D0029DB7B /* Project object */;
}
